
Microsoft Visual Studio Solution File, Format Version 12.00
# Visual Studio 15
VisualStudioVersion = 15.0.28307.136
MinimumVisualStudioVersion = 10.0.40219.1
Project("{FAE04EC0-301F-11D3-BF4B-00C04F79EFBC}") = "Lab_12", "Lab_12\Lab_12.csproj", "{8A099257-20CB-4B70-B221-2194F0311B08}"
EndProject
Global
	GlobalSection(SolutionConfigurationPlatforms) = preSolution
		Debug|Any CPU = Debug|Any CPU
		Release|Any CPU = Release|Any CPU
	EndGlobalSection
	GlobalSection(ProjectConfigurationPlatforms) = postSolution
		{8A099257-20CB-4B70-B221-2194F0311B08}.Debug|Any CPU.ActiveCfg = Debug|Any CPU
		{8A099257-20CB-4B70-B221-2194F0311B08}.Debug|Any CPU.Build.0 = Debug|Any CPU
		{8A099257-20CB-4B70-B221-2194F0311B08}.Release|Any CPU.ActiveCfg = Release|Any CPU
		{8A099257-20CB-4B70-B221-2194F0311B08}.Release|Any CPU.Build.0 = Release|Any CPU
	EndGlobalSection
	GlobalSection(SolutionProperties) = preSolution
		HideSolutionNode = FALSE
	EndGlobalSection
	GlobalSection(ExtensibilityGlobals) = postSolution
		SolutionGuid = {81DAD38D-61F5-4A00-9730-DBD08F49858A}
	EndGlobalSection
EndGlobal
